
Microsoft Visual Studio Solution File, Format Version 12.00
# Visual Studio 2012
Project("{F184B08F-C81C-45F6-A57F-5ABD9991F28F}") = "gradingsystem", "gradingsystem.vbproj", "{995FF53C-8311-4B9F-B893-BA779088EC9D}"
EndProject
Global
	GlobalSection(SolutionConfigurationPlatforms) = preSolution
		Debug|Any CPU = Debug|Any CPU
		Release|Any CPU = Release|Any CPU
	EndGlobalSection
	GlobalSection(ProjectConfigurationPlatforms) = postSolution
		{995FF53C-8311-4B9F-B893-BA779088EC9D}.Debug|Any CPU.ActiveCfg = Debug|Any CPU
		{995FF53C-8311-4B9F-B893-BA779088EC9D}.Debug|Any CPU.Build.0 = Debug|Any CPU
		{995FF53C-8311-4B9F-B893-BA779088EC9D}.Release|Any CPU.ActiveCfg = Release|Any CPU
		{995FF53C-8311-4B9F-B893-BA779088EC9D}.Release|Any CPU.Build.0 = Release|Any CPU
	EndGlobalSection
	GlobalSection(SolutionProperties) = preSolution
		HideSolutionNode = FALSE
	EndGlobalSection
EndGlobal
